
Microsoft Visual Studio Solution File, Format Version 12.00
# Visual Studio Version 17
VisualStudioVersion = 17.14.36109.1 d17.14
MinimumVisualStudioVersion = 10.0.40219.1
Project("{FAE04EC0-301F-11D3-BF4B-00C04F79EFBC}") = "Task2_IndexOfMaxDigit", "Task2_IndexOfMaxDigit\Task2_IndexOfMaxDigit.csproj", "{369050D5-7A28-409C-9CD7-9B33CD033ECF}"
EndProject
Global
	GlobalSection(SolutionConfigurationPlatforms) = preSolution
		Debug|Any CPU = Debug|Any CPU
		Release|Any CPU = Release|Any CPU
	EndGlobalSection
	GlobalSection(ProjectConfigurationPlatforms) = postSolution
		{369050D5-7A28-409C-9CD7-9B33CD033ECF}.Debug|Any CPU.ActiveCfg = Debug|Any CPU
		{369050D5-7A28-409C-9CD7-9B33CD033ECF}.Debug|Any CPU.Build.0 = Debug|Any CPU
		{369050D5-7A28-409C-9CD7-9B33CD033ECF}.Release|Any CPU.ActiveCfg = Release|Any CPU
		{369050D5-7A28-409C-9CD7-9B33CD033ECF}.Release|Any CPU.Build.0 = Release|Any CPU
	EndGlobalSection
	GlobalSection(SolutionProperties) = preSolution
		HideSolutionNode = FALSE
	EndGlobalSection
	GlobalSection(ExtensibilityGlobals) = postSolution
		SolutionGuid = {CF6EF19A-5D37-4C56-82BD-62DBB8F312AB}
	EndGlobalSection
EndGlobal
